
Microsoft Visual Studio Solution File, Format Version 12.00
# Visual Studio Version 16
VisualStudioVersion = 16.0.30517.126
MinimumVisualStudioVersion = 10.0.40219.1
Project("{FAE04EC0-301F-11D3-BF4B-00C04F79EFBC}") = "ChuckConsole", "ChuckConsole\ChuckConsole.csproj", "{5E0A8117-B5ED-443B-892F-E949EA18FC60}"
EndProject
Project("{FAE04EC0-301F-11D3-BF4B-00C04F79EFBC}") = "ChuckForm2", "ChuckForm2\ChuckForm2.csproj", "{EDD1CA17-F9D7-4689-91B8-93723A46481C}"
EndProject
Global
	GlobalSection(SolutionConfigurationPlatforms) = preSolution
		Debug|Any CPU = Debug|Any CPU
		Release|Any CPU = Release|Any CPU
	EndGlobalSection
	GlobalSection(ProjectConfigurationPlatforms) = postSolution
		{5E0A8117-B5ED-443B-892F-E949EA18FC60}.Debug|Any CPU.ActiveCfg = Debug|Any CPU
		{5E0A8117-B5ED-443B-892F-E949EA18FC60}.Debug|Any CPU.Build.0 = Debug|Any CPU
		{5E0A8117-B5ED-443B-892F-E949EA18FC60}.Release|Any CPU.ActiveCfg = Release|Any CPU
		{5E0A8117-B5ED-443B-892F-E949EA18FC60}.Release|Any CPU.Build.0 = Release|Any CPU
		{EDD1CA17-F9D7-4689-91B8-93723A46481C}.Debug|Any CPU.ActiveCfg = Debug|Any CPU
		{EDD1CA17-F9D7-4689-91B8-93723A46481C}.Debug|Any CPU.Build.0 = Debug|Any CPU
		{EDD1CA17-F9D7-4689-91B8-93723A46481C}.Release|Any CPU.ActiveCfg = Release|Any CPU
		{EDD1CA17-F9D7-4689-91B8-93723A46481C}.Release|Any CPU.Build.0 = Release|Any CPU
	EndGlobalSection
	GlobalSection(SolutionProperties) = preSolution
		HideSolutionNode = FALSE
	EndGlobalSection
	GlobalSection(ExtensibilityGlobals) = postSolution
		SolutionGuid = {B80BCEC1-93BB-4BC5-AF1D-1A18680FD0F9}
	EndGlobalSection
EndGlobal
